// !$*UTF8*$!
{
	archiveVersion = 1;
	classes = {
	};
	objectVersion = 77;
	objects = {

/* Begin PBXBuildFile section */
		4F50095F2F15F303005C33B3 /* RideRecorder.swift in Sources */ = {isa = PBXBuildFile; fileRef = 4F50095B2F132CF1005C33B3 /* RideRecorder.swift */; };
		4F5009602F15F309005C33B3 /* MotionService.swift in Sources */ = {isa = PBXBuildFile; fileRef = 4F50095A2F132C91005C33B3 /* MotionService.swift */; };
		4F5009612F15F30E005C33B3 /* LocationService.swift in Sources */ = {isa = PBXBuildFile; fileRef = 4F5009592F132C79005C33B3 /* LocationService.swift */; };
		4F5009632F15F478005C33B3 /* RideSample.swift in Sources */ = {isa = PBXBuildFile; fileRef = 4F50095D2F15F08A005C33B3 /* RideSample.swift */; };
		4F5009642F15F5D5005C33B3 /* ContentView.swift in Sources */ = {isa = PBXBuildFile; fileRef = 4F50095C2F15E0BB005C33B3 /* ContentView.swift */; };
		4F5009652F15F5E8005C33B3 /* RideSummary.swift in Sources */ = {isa = PBXBuildFile; fileRef = 4F50095E2F15F09D005C33B3 /* RideSummary.swift */; };
		4F59D4BF2F1605DF0093403B /* ShareCardView.swift in Sources */ = {isa = PBXBuildFile; fileRef = 4F59D4BE2F1605D80093403B /* ShareCardView.swift */; };
		4F59D4C12F1606210093403B /* ShareCardScreen.swift in Sources */ = {isa = PBXBuildFile; fileRef = 4F59D4C02F16061A0093403B /* ShareCardScreen.swift */; };
		4F59D4C32F18467B0093403B /* RidePoint.swift in Sources */ = {isa = PBXBuildFile; fileRef = 4F59D4C22F1846770093403B /* RidePoint.swift */; };
		4F59D4C52F18470C0093403B /* RouteSnapshotter.swift in Sources */ = {isa = PBXBuildFile; fileRef = 4F59D4C42F1847040093403B /* RouteSnapshotter.swift */; };
		4F9A12072F22B2C90068109E /* SavedRide.swift in Sources */ = {isa = PBXBuildFile; fileRef = 4F9A12062F22B2C60068109E /* SavedRide.swift */; };
		4F9A12092F22B2E80068109E /* RideStore.swift in Sources */ = {isa = PBXBuildFile; fileRef = 4F9A12082F22B2E40068109E /* RideStore.swift */; };
		4FA6B3402F999A1400D807A0 /* GarageView.swift in Sources */ = {isa = PBXBuildFile; fileRef = 4FA6B33F2F999A1400D807A0 /* GarageView.swift */; };
		4FA6B3432F999A2300D807A0 /* GarageStore.swift in Sources */ = {isa = PBXBuildFile; fileRef = 4FA6B3412F999A2300D807A0 /* GarageStore.swift */; };
		4FA6B3442F999A2300D807A0 /* MotorcycleCatalogService.swift in Sources */ = {isa = PBXBuildFile; fileRef = 4FA6B3422F999A2300D807A0 /* MotorcycleCatalogService.swift */; };
		4FA6B3462F999A2C00D807A0 /* GarageBike.swift in Sources */ = {isa = PBXBuildFile; fileRef = 4FA6B3452F999A2C00D807A0 /* GarageBike.swift */; };
		4FD997632F351CC100B57C6A /* SaveRideSheet.swift in Sources */ = {isa = PBXBuildFile; fileRef = 4FD997622F351CC100B57C6A /* SaveRideSheet.swift */; };
		4FE936472FC5867C0027978B /* AuthView.swift in Sources */ = {isa = PBXBuildFile; fileRef = 4FE936442FC5867C0027978B /* AuthView.swift */; };
		4FE936482FC5867C0027978B /* RootView.swift in Sources */ = {isa = PBXBuildFile; fileRef = 4FE936452FC5867C0027978B /* RootView.swift */; };
		4FE936492FC5867C0027978B /* SettingsView.swift in Sources */ = {isa = PBXBuildFile; fileRef = 4FE936462FC5867C0027978B /* SettingsView.swift */; };
		4FE9364A2FC5867C0027978B /* AppComponents.swift in Sources */ = {isa = PBXBuildFile; fileRef = 4FE936432FC5867C0027978B /* AppComponents.swift */; };
		4FE936502FC586920027978B /* AuthService.swift in Sources */ = {isa = PBXBuildFile; fileRef = 4FE9364B2FC586920027978B /* AuthService.swift */; };
		4FE936512FC586920027978B /* SupabaseManager.swift in Sources */ = {isa = PBXBuildFile; fileRef = 4FE9364F2FC586920027978B /* SupabaseManager.swift */; };
		4FE936522FC586920027978B /* CloudRideStore.swift in Sources */ = {isa = PBXBuildFile; fileRef = 4FE9364D2FC586920027978B /* CloudRideStore.swift */; };
		4FE936532FC586920027978B /* CloudGarageStore.swift in Sources */ = {isa = PBXBuildFile; fileRef = 4FE9364C2FC586920027978B /* CloudGarageStore.swift */; };
		4FE936542FC586920027978B /* CloudStorageService.swift in Sources */ = {isa = PBXBuildFile; fileRef = 4FE9364E2FC586920027978B /* CloudStorageService.swift */; };
		4FE936552FC586920027978B /* Supabase in Frameworks */ = {isa = PBXBuildFile; productRef = 4FE936562FC586920027978B /* Supabase */; };
		4FAB00012FAB00010012ABCD /* ProfileView.swift in Sources */ = {isa = PBXBuildFile; fileRef = 4FAB00002FAB00010012ABCD /* ProfileView.swift */; };
		AA000001000000010000AAA1 /* MaintenanceRecord.swift in Sources */ = {isa = PBXBuildFile; fileRef = AA000001000000010000AAA0 /* MaintenanceRecord.swift */; };
		AA000001000000010000AAA3 /* MaintenanceStore.swift in Sources */ = {isa = PBXBuildFile; fileRef = AA000001000000010000AAA2 /* MaintenanceStore.swift */; };
		AA000001000000010000AAA5 /* SyncService.swift in Sources */ = {isa = PBXBuildFile; fileRef = AA000001000000010000AAA4 /* SyncService.swift */; };
		AA000001000000010000AAA7 /* MaintenanceView.swift in Sources */ = {isa = PBXBuildFile; fileRef = AA000001000000010000AAA6 /* MaintenanceView.swift */; };
/* End PBXBuildFile section */

/* Begin PBXContainerItemProxy section */
		4F5009392F132AC1005C33B3 /* PBXContainerItemProxy */ = {
			isa = PBXContainerItemProxy;
			containerPortal = 4F5009232F132ABF005C33B3 /* Project object */;
			proxyType = 1;
			remoteGlobalIDString = 4F50092A2F132ABF005C33B3;
			remoteInfo = MotorcycleTrackShare;
		};
		4F5009432F132AC1005C33B3 /* PBXContainerItemProxy */ = {
			isa = PBXContainerItemProxy;
			containerPortal = 4F5009232F132ABF005C33B3 /* Project object */;
			proxyType = 1;
			remoteGlobalIDString = 4F50092A2F132ABF005C33B3;
			remoteInfo = MotorcycleTrackShare;
		};
/* End PBXContainerItemProxy section */

/* Begin PBXFileReference section */
		4F50092B2F132ABF005C33B3 /* MotorcycleTrackShare.app */ = {isa = PBXFileReference; explicitFileType = wrapper.application; includeInIndex = 0; path = MotorcycleTrackShare.app; sourceTree = BUILT_PRODUCTS_DIR; };
		4F5009382F132AC1005C33B3 /* MotorcycleTrackShareTests.xctest */ = {isa = PBXFileReference; explicitFileType = wrapper.cfbundle; includeInIndex = 0; path = MotorcycleTrackShareTests.xctest; sourceTree = BUILT_PRODUCTS_DIR; };
		4F5009422F132AC1005C33B3 /* MotorcycleTrackShareUITests.xctest */ = {isa = PBXFileReference; explicitFileType = wrapper.cfbundle; includeInIndex = 0; path = MotorcycleTrackShareUITests.xctest; sourceTree = BUILT_PRODUCTS_DIR; };
		4F5009592F132C79005C33B3 /* LocationService.swift */ = {isa = PBXFileReference; lastKnownFileType = sourcecode.swift; path = LocationService.swift; sourceTree = "<group>"; };
		4F50095A2F132C91005C33B3 /* MotionService.swift */ = {isa = PBXFileReference; lastKnownFileType = sourcecode.swift; path = MotionService.swift; sourceTree = "<group>"; };
		4F50095B2F132CF1005C33B3 /* RideRecorder.swift */ = {isa = PBXFileReference; lastKnownFileType = sourcecode.swift; path = RideRecorder.swift; sourceTree = "<group>"; };
		4F50095C2F15E0BB005C33B3 /* ContentView.swift */ = {isa = PBXFileReference; lastKnownFileType = sourcecode.swift; path = ContentView.swift; sourceTree = "<group>"; };
		4F50095D2F15F08A005C33B3 /* RideSample.swift */ = {isa = PBXFileReference; lastKnownFileType = sourcecode.swift; path = RideSample.swift; sourceTree = "<group>"; };
		4F50095E2F15F09D005C33B3 /* RideSummary.swift */ = {isa = PBXFileReference; lastKnownFileType = sourcecode.swift; path = RideSummary.swift; sourceTree = "<group>"; };
		4F59D4BE2F1605D80093403B /* ShareCardView.swift */ = {isa = PBXFileReference; lastKnownFileType = sourcecode.swift; path = ShareCardView.swift; sourceTree = "<group>"; };
		4F59D4C02F16061A0093403B /* ShareCardScreen.swift */ = {isa = PBXFileReference; lastKnownFileType = sourcecode.swift; path = ShareCardScreen.swift; sourceTree = "<group>"; };
		4F59D4C22F1846770093403B /* RidePoint.swift */ = {isa = PBXFileReference; lastKnownFileType = sourcecode.swift; path = RidePoint.swift; sourceTree = "<group>"; };
		4F59D4C42F1847040093403B /* RouteSnapshotter.swift */ = {isa = PBXFileReference; lastKnownFileType = sourcecode.swift; path = RouteSnapshotter.swift; sourceTree = "<group>"; };
		4F9A12062F22B2C60068109E /* SavedRide.swift */ = {isa = PBXFileReference; lastKnownFileType = sourcecode.swift; path = SavedRide.swift; sourceTree = "<group>"; };
		4F9A12082F22B2E40068109E /* RideStore.swift */ = {isa = PBXFileReference; lastKnownFileType = sourcecode.swift; path = RideStore.swift; sourceTree = "<group>"; };
		4FA6B33F2F999A1400D807A0 /* GarageView.swift */ = {isa = PBXFileReference; lastKnownFileType = sourcecode.swift; path = GarageView.swift; sourceTree = "<group>"; };
		4FA6B3412F999A2300D807A0 /* GarageStore.swift */ = {isa = PBXFileReference; lastKnownFileType = sourcecode.swift; path = GarageStore.swift; sourceTree = "<group>"; };
		4FA6B3422F999A2300D807A0 /* MotorcycleCatalogService.swift */ = {isa = PBXFileReference; lastKnownFileType = sourcecode.swift; path = MotorcycleCatalogService.swift; sourceTree = "<group>"; };
		4FA6B3452F999A2C00D807A0 /* GarageBike.swift */ = {isa = PBXFileReference; lastKnownFileType = sourcecode.swift; path = GarageBike.swift; sourceTree = "<group>"; };
		4FD997622F351CC100B57C6A /* SaveRideSheet.swift */ = {isa = PBXFileReference; lastKnownFileType = sourcecode.swift; path = SaveRideSheet.swift; sourceTree = "<group>"; };
		4FE936432FC5867C0027978B /* AppComponents.swift */ = {isa = PBXFileReference; lastKnownFileType = sourcecode.swift; path = AppComponents.swift; sourceTree = "<group>"; };
		4FE936442FC5867C0027978B /* AuthView.swift */ = {isa = PBXFileReference; lastKnownFileType = sourcecode.swift; path = AuthView.swift; sourceTree = "<group>"; };
		4FE936452FC5867C0027978B /* RootView.swift */ = {isa = PBXFileReference; lastKnownFileType = sourcecode.swift; path = RootView.swift; sourceTree = "<group>"; };
		4FE936462FC5867C0027978B /* SettingsView.swift */ = {isa = PBXFileReference; lastKnownFileType = sourcecode.swift; path = SettingsView.swift; sourceTree = "<group>"; };
		4FE9364B2FC586920027978B /* AuthService.swift */ = {isa = PBXFileReference; lastKnownFileType = sourcecode.swift; path = AuthService.swift; sourceTree = "<group>"; };
		4FE9364C2FC586920027978B /* CloudGarageStore.swift */ = {isa = PBXFileReference; lastKnownFileType = sourcecode.swift; path = CloudGarageStore.swift; sourceTree = "<group>"; };
		4FE9364D2FC586920027978B /* CloudRideStore.swift */ = {isa = PBXFileReference; lastKnownFileType = sourcecode.swift; path = CloudRideStore.swift; sourceTree = "<group>"; };
		4FE9364E2FC586920027978B /* CloudStorageService.swift */ = {isa = PBXFileReference; lastKnownFileType = sourcecode.swift; path = CloudStorageService.swift; sourceTree = "<group>"; };
		4FE9364F2FC586920027978B /* SupabaseManager.swift */ = {isa = PBXFileReference; lastKnownFileType = sourcecode.swift; path = SupabaseManager.swift; sourceTree = "<group>"; };
		4FAB00002FAB00010012ABCD /* ProfileView.swift */ = {isa = PBXFileReference; lastKnownFileType = sourcecode.swift; path = ProfileView.swift; sourceTree = "<group>"; };
		AA000001000000010000AAA0 /* MaintenanceRecord.swift */ = {isa = PBXFileReference; lastKnownFileType = sourcecode.swift; path = MaintenanceRecord.swift; sourceTree = "<group>"; };
		AA000001000000010000AAA2 /* MaintenanceStore.swift */ = {isa = PBXFileReference; lastKnownFileType = sourcecode.swift; path = MaintenanceStore.swift; sourceTree = "<group>"; };
		AA000001000000010000AAA4 /* SyncService.swift */ = {isa = PBXFileReference; lastKnownFileType = sourcecode.swift; path = SyncService.swift; sourceTree = "<group>"; };
		AA000001000000010000AAA6 /* MaintenanceView.swift */ = {isa = PBXFileReference; lastKnownFileType = sourcecode.swift; path = MaintenanceView.swift; sourceTree = "<group>"; };
/* End PBXFileReference section */

/* Begin PBXFileSystemSynchronizedBuildFileExceptionSet section */
		4F32F5F22F454DA40052ACC1 /* Exceptions for "MotorcycleTrackShare" folder in "MotorcycleTrackShare" target */ = {
			isa = PBXFileSystemSynchronizedBuildFileExceptionSet;
			membershipExceptions = (
				Info.plist,
			);
			target = 4F50092A2F132ABF005C33B3 /* MotorcycleTrackShare */;
		};
/* End PBXFileSystemSynchronizedBuildFileExceptionSet section */

/* Begin PBXFileSystemSynchronizedRootGroup section */
		4F50092D2F132ABF005C33B3 /* MotorcycleTrackShare */ = {
			isa = PBXFileSystemSynchronizedRootGroup;
			exceptions = (
				4F32F5F22F454DA40052ACC1 /* Exceptions for "MotorcycleTrackShare" folder in "MotorcycleTrackShare" target */,
			);
			path = MotorcycleTrackShare;
			sourceTree = "<group>";
		};
		4F50093B2F132AC1005C33B3 /* MotorcycleTrackShareTests */ = {
			isa = PBXFileSystemSynchronizedRootGroup;
			path = MotorcycleTrackShareTests;
			sourceTree = "<group>";
		};
		4F5009452F132AC1005C33B3 /* MotorcycleTrackShareUITests */ = {
			isa = PBXFileSystemSynchronizedRootGroup;
			path = MotorcycleTrackShareUITests;
			sourceTree = "<group>";
		};
/* End PBXFileSystemSynchronizedRootGroup section */

/* Begin PBXFrameworksBuildPhase section */
		4F5009282F132ABF005C33B3 /* Frameworks */ = {
			isa = PBXFrameworksBuildPhase;
			buildActionMask = 2147483647;
			files = (
				4FE936552FC586920027978B /* Supabase in Frameworks */,
			);
			runOnlyForDeploymentPostprocessing = 0;
		};
		4F5009352F132AC1005C33B3 /* Frameworks */ = {
			isa = PBXFrameworksBuildPhase;
			buildActionMask = 2147483647;
			files = (
			);
			runOnlyForDeploymentPostprocessing = 0;
		};
		4F50093F2F132AC1005C33B3 /* Frameworks */ = {
			isa = PBXFrameworksBuildPhase;
			buildActionMask = 2147483647;
			files = (
			);
			runOnlyForDeploymentPostprocessing = 0;
		};
/* End PBXFrameworksBuildPhase section */

/* Begin PBXGroup section */
		4F5009222F132ABF005C33B3 = {
			isa = PBXGroup;
			children = (
				4F5009582F132C40005C33B3 /* Views */,
				4F5009572F132C32005C33B3 /* Services */,
				4F5009562F132C20005C33B3 /* Models */,
				4F50092D2F132ABF005C33B3 /* MotorcycleTrackShare */,
				4F50093B2F132AC1005C33B3 /* MotorcycleTrackShareTests */,
				4F5009452F132AC1005C33B3 /* MotorcycleTrackShareUITests */,
				4F50092C2F132ABF005C33B3 /* Products */,
			);
			sourceTree = "<group>";
		};
		4F50092C2F132ABF005C33B3 /* Products */ = {
			isa = PBXGroup;
			children = (
				4F50092B2F132ABF005C33B3 /* MotorcycleTrackShare.app */,
				4F5009382F132AC1005C33B3 /* MotorcycleTrackShareTests.xctest */,
				4F5009422F132AC1005C33B3 /* MotorcycleTrackShareUITests.xctest */,
			);
			name = Products;
			sourceTree = "<group>";
		};
		4F5009562F132C20005C33B3 /* Models */ = {
			isa = PBXGroup;
			children = (
				4FA6B3452F999A2C00D807A0 /* GarageBike.swift */,
				4F9A12062F22B2C60068109E /* SavedRide.swift */,
				4F59D4C22F1846770093403B /* RidePoint.swift */,
				4F50095E2F15F09D005C33B3 /* RideSummary.swift */,
				4F50095D2F15F08A005C33B3 /* RideSample.swift */,
				AA000001000000010000AAA0 /* MaintenanceRecord.swift */,
			);
			path = Models;
			sourceTree = "<group>";
		};
		4F5009572F132C32005C33B3 /* Services */ = {
			isa = PBXGroup;
			children = (
				4FE9364B2FC586920027978B /* AuthService.swift */,
				4FE9364C2FC586920027978B /* CloudGarageStore.swift */,
				4FE9364D2FC586920027978B /* CloudRideStore.swift */,
				4FE9364E2FC586920027978B /* CloudStorageService.swift */,
				4FE9364F2FC586920027978B /* SupabaseManager.swift */,
				4FA6B3412F999A2300D807A0 /* GarageStore.swift */,
				4FA6B3422F999A2300D807A0 /* MotorcycleCatalogService.swift */,
				4F9A12082F22B2E40068109E /* RideStore.swift */,
				4F59D4C42F1847040093403B /* RouteSnapshotter.swift */,
				4F50095B2F132CF1005C33B3 /* RideRecorder.swift */,
				4F50095A2F132C91005C33B3 /* MotionService.swift */,
				4F5009592F132C79005C33B3 /* LocationService.swift */,
				AA000001000000010000AAA2 /* MaintenanceStore.swift */,
				AA000001000000010000AAA4 /* SyncService.swift */,
			);
			path = Services;
			sourceTree = "<group>";
		};
		4F5009582F132C40005C33B3 /* Views */ = {
			isa = PBXGroup;
			children = (
				4FE936432FC5867C0027978B /* AppComponents.swift */,
				4FE936442FC5867C0027978B /* AuthView.swift */,
				4FE936452FC5867C0027978B /* RootView.swift */,
				4FE936462FC5867C0027978B /* SettingsView.swift */,
				4FA6B33F2F999A1400D807A0 /* GarageView.swift */,
				4FD997622F351CC100B57C6A /* SaveRideSheet.swift */,
				4F59D4C02F16061A0093403B /* ShareCardScreen.swift */,
				4F59D4BE2F1605D80093403B /* ShareCardView.swift */,
				4F50095C2F15E0BB005C33B3 /* ContentView.swift */,
				4FAB00002FAB00010012ABCD /* ProfileView.swift */,
				AA000001000000010000AAA6 /* MaintenanceView.swift */,
			);
			path = Views;
			sourceTree = "<group>";
		};
/* End PBXGroup section */

/* Begin PBXNativeTarget section */
		4F50092A2F132ABF005C33B3 /* MotorcycleTrackShare */ = {
			isa = PBXNativeTarget;
			buildConfigurationList = 4F50094C2F132AC1005C33B3 /* Build configuration list for PBXNativeTarget "MotorcycleTrackShare" */;
			buildPhases = (
				4F5009272F132ABF005C33B3 /* Sources */,
				4F5009282F132ABF005C33B3 /* Frameworks */,
				4F5009292F132ABF005C33B3 /* Resources */,
			);
			buildRules = (
			);
			dependencies = (
			);
			fileSystemSynchronizedGroups = (
				4F50092D2F132ABF005C33B3 /* MotorcycleTrackShare */,
			);
			name = MotorcycleTrackShare;
			packageProductDependencies = (
				4FE936562FC586920027978B /* Supabase */,
			);
			productName = MotorcycleTrackShare;
			productReference = 4F50092B2F132ABF005C33B3 /* MotorcycleTrackShare.app */;
			productType = "com.apple.product-type.application";
		};
		4F5009372F132AC1005C33B3 /* MotorcycleTrackShareTests */ = {
			isa = PBXNativeTarget;
			buildConfigurationList = 4F50094F2F132AC1005C33B3 /* Build configuration list for PBXNativeTarget "MotorcycleTrackShareTests" */;
			buildPhases = (
				4F5009342F132AC1005C33B3 /* Sources */,
				4F5009352F132AC1005C33B3 /* Frameworks */,
				4F5009362F132AC1005C33B3 /* Resources */,
			);
			buildRules = (
			);
			dependencies = (
				4F50093A2F132AC1005C33B3 /* PBXTargetDependency */,
			);
			fileSystemSynchronizedGroups = (
				4F50093B2F132AC1005C33B3 /* MotorcycleTrackShareTests */,
			);
			name = MotorcycleTrackShareTests;
			packageProductDependencies = (
			);
			productName = MotorcycleTrackShareTests;
			productReference = 4F5009382F132AC1005C33B3 /* MotorcycleTrackShareTests.xctest */;
			productType = "com.apple.product-type.bundle.unit-test";
		};
		4F5009412F132AC1005C33B3 /* MotorcycleTrackShareUITests */ = {
			isa = PBXNativeTarget;
			buildConfigurationList = 4F5009522F132AC1005C33B3 /* Build configuration list for PBXNativeTarget "MotorcycleTrackShareUITests" */;
			buildPhases = (
				4F50093E2F132AC1005C33B3 /* Sources */,
				4F50093F2F132AC1005C33B3 /* Frameworks */,
				4F5009402F132AC1005C33B3 /* Resources */,
			);
			buildRules = (
			);
			dependencies = (
				4F5009442F132AC1005C33B3 /* PBXTargetDependency */,
			);
			fileSystemSynchronizedGroups = (
				4F5009452F132AC1005C33B3 /* MotorcycleTrackShareUITests */,
			);
			name = MotorcycleTrackShareUITests;
			packageProductDependencies = (
			);
			productName = MotorcycleTrackShareUITests;
			productReference = 4F5009422F132AC1005C33B3 /* MotorcycleTrackShareUITests.xctest */;
			productType = "com.apple.product-type.bundle.ui-testing";
		};
/* End PBXNativeTarget section */

/* Begin PBXProject section */
		4F5009232F132ABF005C33B3 /* Project object */ = {
			isa = PBXProject;
			attributes = {
				BuildIndependentTargetsInParallel = 1;
				LastSwiftUpdateCheck = 1640;
				LastUpgradeCheck = 1640;
				TargetAttributes = {
					4F50092A2F132ABF005C33B3 = {
						CreatedOnToolsVersion = 16.4;
					};
					4F5009372F132AC1005C33B3 = {
						CreatedOnToolsVersion = 16.4;
						TestTargetID = 4F50092A2F132ABF005C33B3;
					};
					4F5009412F132AC1005C33B3 = {
						CreatedOnToolsVersion = 16.4;
						TestTargetID = 4F50092A2F132ABF005C33B3;
					};
				};
			};
			buildConfigurationList = 4F5009262F132ABF005C33B3 /* Build configuration list for PBXProject "MotorcycleTrackShare" */;
			developmentRegion = en;
			hasScannedForEncodings = 0;
			knownRegions = (
				en,
				Base,
			);
			mainGroup = 4F5009222F132ABF005C33B3;
			minimizedProjectReferenceProxies = 1;
			packageReferences = (
				4FE936402FC57B320027978B /* XCRemoteSwiftPackageReference "supabase-swift" */,
			);
			preferredProjectObjectVersion = 77;
			productRefGroup = 4F50092C2F132ABF005C33B3 /* Products */;
			projectDirPath = "";
			projectRoot = "";
			targets = (
				4F50092A2F132ABF005C33B3 /* MotorcycleTrackShare */,
				4F5009372F132AC1005C33B3 /* MotorcycleTrackShareTests */,
				4F5009412F132AC1005C33B3 /* MotorcycleTrackShareUITests */,
			);
		};
/* End PBXProject section */

/* Begin PBXResourcesBuildPhase section */
		4F5009292F132ABF005C33B3 /* Resources */ = {
			isa = PBXResourcesBuildPhase;
			buildActionMask = 2147483647;
			files = (
			);
			runOnlyForDeploymentPostprocessing = 0;
		};
		4F5009362F132AC1005C33B3 /* Resources */ = {
			isa = PBXResourcesBuildPhase;
			buildActionMask = 2147483647;
			files = (
			);
			runOnlyForDeploymentPostprocessing = 0;
		};
		4F5009402F132AC1005C33B3 /* Resources */ = {
			isa = PBXResourcesBuildPhase;
			buildActionMask = 2147483647;
			files = (
			);
			runOnlyForDeploymentPostprocessing = 0;
		};
/* End PBXResourcesBuildPhase section */

/* Begin PBXSourcesBuildPhase section */
		4F5009272F132ABF005C33B3 /* Sources */ = {
			isa = PBXSourcesBuildPhase;
			buildActionMask = 2147483647;
			files = (
				4FD997632F351CC100B57C6A /* SaveRideSheet.swift in Sources */,
				4F5009632F15F478005C33B3 /* RideSample.swift in Sources */,
				4F5009642F15F5D5005C33B3 /* ContentView.swift in Sources */,
				4F50095F2F15F303005C33B3 /* RideRecorder.swift in Sources */,
				4F5009612F15F30E005C33B3 /* LocationService.swift in Sources */,
				4F9A12072F22B2C90068109E /* SavedRide.swift in Sources */,
				4FA6B3432F999A2300D807A0 /* GarageStore.swift in Sources */,
				4FA6B3442F999A2300D807A0 /* MotorcycleCatalogService.swift in Sources */,
				4F59D4C52F18470C0093403B /* RouteSnapshotter.swift in Sources */,
				4FA6B3462F999A2C00D807A0 /* GarageBike.swift in Sources */,
				4FE936502FC586920027978B /* AuthService.swift in Sources */,
				4FE936512FC586920027978B /* SupabaseManager.swift in Sources */,
				4FE936522FC586920027978B /* CloudRideStore.swift in Sources */,
				4FE936532FC586920027978B /* CloudGarageStore.swift in Sources */,
				4FE936542FC586920027978B /* CloudStorageService.swift in Sources */,
				4F5009602F15F309005C33B3 /* MotionService.swift in Sources */,
				4F5009652F15F5E8005C33B3 /* RideSummary.swift in Sources */,
				4FE936472FC5867C0027978B /* AuthView.swift in Sources */,
				4FE936482FC5867C0027978B /* RootView.swift in Sources */,
				4FE936492FC5867C0027978B /* SettingsView.swift in Sources */,
				4FE9364A2FC5867C0027978B /* AppComponents.swift in Sources */,
				4F59D4C12F1606210093403B /* ShareCardScreen.swift in Sources */,
				4FA6B3402F999A1400D807A0 /* GarageView.swift in Sources */,
				4F9A12092F22B2E80068109E /* RideStore.swift in Sources */,
				4F59D4C32F18467B0093403B /* RidePoint.swift in Sources */,
				4F59D4BF2F1605DF0093403B /* ShareCardView.swift in Sources */,
				4FAB00012FAB00010012ABCD /* ProfileView.swift in Sources */,
				AA000001000000010000AAA1 /* MaintenanceRecord.swift in Sources */,
				AA000001000000010000AAA3 /* MaintenanceStore.swift in Sources */,
				AA000001000000010000AAA5 /* SyncService.swift in Sources */,
				AA000001000000010000AAA7 /* MaintenanceView.swift in Sources */,
			);
			runOnlyForDeploymentPostprocessing = 0;
		};
		4F5009342F132AC1005C33B3 /* Sources */ = {
			isa = PBXSourcesBuildPhase;
			buildActionMask = 2147483647;
			files = (
			);
			runOnlyForDeploymentPostprocessing = 0;
		};
		4F50093E2F132AC1005C33B3 /* Sources */ = {
			isa = PBXSourcesBuildPhase;
			buildActionMask = 2147483647;
			files = (
			);
			runOnlyForDeploymentPostprocessing = 0;
		};
/* End PBXSourcesBuildPhase section */

/* Begin PBXTargetDependency section */
		4F50093A2F132AC1005C33B3 /* PBXTargetDependency */ = {
			isa = PBXTargetDependency;
			target = 4F50092A2F132ABF005C33B3 /* MotorcycleTrackShare */;
			targetProxy = 4F5009392F132AC1005C33B3 /* PBXContainerItemProxy */;
		};
		4F5009442F132AC1005C33B3 /* PBXTargetDependency */ = {
			isa = PBXTargetDependency;
			target = 4F50092A2F132ABF005C33B3 /* MotorcycleTrackShare */;
			targetProxy = 4F5009432F132AC1005C33B3 /* PBXContainerItemProxy */;
		};
/* End PBXTargetDependency section */

/* Begin XCBuildConfiguration section */
		4F50094A2F132AC1005C33B3 /* Debug */ = {
			isa = XCBuildConfiguration;
			buildSettings = {
				ALWAYS_SEARCH_USER_PATHS = NO;
				ASSETCATALOG_COMPILER_GENERATE_SWIFT_ASSET_SYMBOL_EXTENSIONS = YES;
				CLANG_ANALYZER_NONNULL = YES;
				CLANG_ANALYZER_NUMBER_OBJECT_CONVERSION = YES_AGGRESSIVE;
				CLANG_CXX_LANGUAGE_STANDARD = "gnu++20";
				CLANG_ENABLE_MODULES = YES;
				CLANG_ENABLE_OBJC_ARC = YES;
				CLANG_ENABLE_OBJC_WEAK = YES;
				CLANG_WARN_BLOCK_CAPTURE_AUTORELEASING = YES;
				CLANG_WARN_BOOL_CONVERSION = YES;
				CLANG_WARN_COMMA = YES;
				CLANG_WARN_CONSTANT_CONVERSION = YES;
				CLANG_WARN_DEPRECATED_OBJC_IMPLEMENTATIONS = YES;
				CLANG_WARN_DIRECT_OBJC_ISA_USAGE = YES_ERROR;
				CLANG_WARN_DOCUMENTATION_COMMENTS = YES;
				CLANG_WARN_EMPTY_BODY = YES;
				CLANG_WARN_ENUM_CONVERSION = YES;
				CLANG_WARN_INFINITE_RECURSION = YES;
				CLANG_WARN_INT_CONVERSION = YES;
				CLANG_WARN_NON_LITERAL_NULL_CONVERSION = YES;
				CLANG_WARN_OBJC_IMPLICIT_RETAIN_SELF = YES;
				CLANG_WARN_OBJC_LITERAL_CONVERSION = YES;
				CLANG_WARN_OBJC_ROOT_CLASS = YES_ERROR;
				CLANG_WARN_QUOTED_INCLUDE_IN_FRAMEWORK_HEADER = YES;
				CLANG_WARN_RANGE_LOOP_ANALYSIS = YES;
				CLANG_WARN_STRICT_PROTOTYPES = YES;
				CLANG_WARN_SUSPICIOUS_MOVE = YES;
				CLANG_WARN_UNGUARDED_AVAILABILITY = YES_AGGRESSIVE;
				CLANG_WARN_UNREACHABLE_CODE = YES;
				CLANG_WARN__DUPLICATE_METHOD_MATCH = YES;
				COPY_PHASE_STRIP = NO;
				DEBUG_INFORMATION_FORMAT = dwarf;
				DEVELOPMENT_TEAM = 3244DXH2Z8;
				ENABLE_STRICT_OBJC_MSGSEND = YES;
				ENABLE_TESTABILITY = YES;
				ENABLE_USER_SCRIPT_SANDBOXING = YES;
				GCC_C_LANGUAGE_STANDARD = gnu17;
				GCC_DYNAMIC_NO_PIC = NO;
				GCC_NO_COMMON_BLOCKS = YES;
				GCC_OPTIMIZATION_LEVEL = 0;
				GCC_PREPROCESSOR_DEFINITIONS = (
					"DEBUG=1",
					"$(inherited)",
				);
				GCC_WARN_64_TO_32_BIT_CONVERSION = YES;
				GCC_WARN_ABOUT_RETURN_TYPE = YES_ERROR;
				GCC_WARN_UNDECLARED_SELECTOR = YES;
				GCC_WARN_UNINITIALIZED_AUTOS = YES_AGGRESSIVE;
				GCC_WARN_UNUSED_FUNCTION = YES;
				GCC_WARN_UNUSED_VARIABLE = YES;
				IPHONEOS_DEPLOYMENT_TARGET = 18.5;
				LOCALIZATION_PREFERS_STRING_CATALOGS = YES;
				MTL_ENABLE_DEBUG_INFO = INCLUDE_SOURCE;
				MTL_FAST_MATH = YES;
				ONLY_ACTIVE_ARCH = YES;
				SDKROOT = iphoneos;
				SWIFT_ACTIVE_COMPILATION_CONDITIONS = "DEBUG $(inherited)";
				SWIFT_OPTIMIZATION_LEVEL = "-Onone";
			};
			name = Debug;
		};
		4F50094B2F132AC1005C33B3 /* Release */ = {
			isa = XCBuildConfiguration;
			buildSettings = {
				ALWAYS_SEARCH_USER_PATHS = NO;
				ASSETCATALOG_COMPILER_GENERATE_SWIFT_ASSET_SYMBOL_EXTENSIONS = YES;
				CLANG_ANALYZER_NONNULL = YES;
				CLANG_ANALYZER_NUMBER_OBJECT_CONVERSION = YES_AGGRESSIVE;
				CLANG_CXX_LANGUAGE_STANDARD = "gnu++20";
				CLANG_ENABLE_MODULES = YES;
				CLANG_ENABLE_OBJC_ARC = YES;
				CLANG_ENABLE_OBJC_WEAK = YES;
				CLANG_WARN_BLOCK_CAPTURE_AUTORELEASING = YES;
				CLANG_WARN_BOOL_CONVERSION = YES;
				CLANG_WARN_COMMA = YES;
				CLANG_WARN_CONSTANT_CONVERSION = YES;
				CLANG_WARN_DEPRECATED_OBJC_IMPLEMENTATIONS = YES;
				CLANG_WARN_DIRECT_OBJC_ISA_USAGE = YES_ERROR;
				CLANG_WARN_DOCUMENTATION_COMMENTS = YES;
				CLANG_WARN_EMPTY_BODY = YES;
				CLANG_WARN_ENUM_CONVERSION = YES;
				CLANG_WARN_INFINITE_RECURSION = YES;
				CLANG_WARN_INT_CONVERSION = YES;
				CLANG_WARN_NON_LITERAL_NULL_CONVERSION = YES;
				CLANG_WARN_OBJC_IMPLICIT_RETAIN_SELF = YES;
				CLANG_WARN_OBJC_LITERAL_CONVERSION = YES;
				CLANG_WARN_OBJC_ROOT_CLASS = YES_ERROR;
				CLANG_WARN_QUOTED_INCLUDE_IN_FRAMEWORK_HEADER = YES;
				CLANG_WARN_RANGE_LOOP_ANALYSIS = YES;
				CLANG_WARN_STRICT_PROTOTYPES = YES;
				CLANG_WARN_SUSPICIOUS_MOVE = YES;
				CLANG_WARN_UNGUARDED_AVAILABILITY = YES_AGGRESSIVE;
				CLANG_WARN_UNREACHABLE_CODE = YES;
				CLANG_WARN__DUPLICATE_METHOD_MATCH = YES;
				COPY_PHASE_STRIP = NO;
				DEBUG_INFORMATION_FORMAT = "dwarf-with-dsym";
				DEVELOPMENT_TEAM = 3244DXH2Z8;
				ENABLE_NS_ASSERTIONS = NO;
				ENABLE_STRICT_OBJC_MSGSEND = YES;
				ENABLE_USER_SCRIPT_SANDBOXING = YES;
				GCC_C_LANGUAGE_STANDARD = gnu17;
				GCC_NO_COMMON_BLOCKS = YES;
				GCC_WARN_64_TO_32_BIT_CONVERSION = YES;
				GCC_WARN_ABOUT_RETURN_TYPE = YES_ERROR;
				GCC_WARN_UNDECLARED_SELECTOR = YES;
				GCC_WARN_UNINITIALIZED_AUTOS = YES_AGGRESSIVE;
				GCC_WARN_UNUSED_FUNCTION = YES;
				GCC_WARN_UNUSED_VARIABLE = YES;
				IPHONEOS_DEPLOYMENT_TARGET = 18.5;
				LOCALIZATION_PREFERS_STRING_CATALOGS = YES;
				MTL_ENABLE_DEBUG_INFO = NO;
				MTL_FAST_MATH = YES;
				SDKROOT = iphoneos;
				SWIFT_COMPILATION_MODE = wholemodule;
				VALIDATE_PRODUCT = YES;
			};
			name = Release;
		};
		4F50094D2F132AC1005C33B3 /* Debug */ = {
			isa = XCBuildConfiguration;
			buildSettings = {
				ASSETCATALOG_COMPILER_APPICON_NAME = AppIcon;
				ASSETCATALOG_COMPILER_GLOBAL_ACCENT_COLOR_NAME = AccentColor;
				CODE_SIGN_STYLE = Automatic;
				CURRENT_PROJECT_VERSION = 1;
				DEVELOPMENT_TEAM = 3244DXH2Z8;
				ENABLE_PREVIEWS = YES;
				GENERATE_INFOPLIST_FILE = YES;
				INFOPLIST_FILE = MotorcycleTrackShare/Info.plist;
				INFOPLIST_KEY_NSLocationWhenInUseUsageDescription = "Used to record your ride route and speed";
				INFOPLIST_KEY_NSMotionUsageDescription = "Used to record lean angle and motion during rides";
				INFOPLIST_KEY_UIApplicationSceneManifest_Generation = YES;
				INFOPLIST_KEY_UIApplicationSupportsIndirectInputEvents = YES;
				INFOPLIST_KEY_UILaunchScreen_Generation = YES;
				INFOPLIST_KEY_UISupportedInterfaceOrientations_iPad = "UIInterfaceOrientationPortrait UIInterfaceOrientationPortraitUpsideDown UIInterfaceOrientationLandscapeLeft UIInterfaceOrientationLandscapeRight";
				INFOPLIST_KEY_UISupportedInterfaceOrientations_iPhone = "UIInterfaceOrientationPortrait UIInterfaceOrientationLandscapeLeft UIInterfaceOrientationLandscapeRight";
				LD_RUNPATH_SEARCH_PATHS = (
					"$(inherited)",
					"@executable_path/Frameworks",
				);
				MARKETING_VERSION = 1.0;
				PRODUCT_BUNDLE_IDENTIFIER = com.manangandhi.MotorcycleTrackShare;
				PRODUCT_NAME = "$(TARGET_NAME)";
				SWIFT_EMIT_LOC_STRINGS = YES;
				SWIFT_VERSION = 5.0;
				TARGETED_DEVICE_FAMILY = "1,2";
			};
			name = Debug;
		};
		4F50094E2F132AC1005C33B3 /* Release */ = {
			isa = XCBuildConfiguration;
			buildSettings = {
				ASSETCATALOG_COMPILER_APPICON_NAME = AppIcon;
				ASSETCATALOG_COMPILER_GLOBAL_ACCENT_COLOR_NAME = AccentColor;
				CODE_SIGN_STYLE = Automatic;
				CURRENT_PROJECT_VERSION = 1;
				DEVELOPMENT_TEAM = 3244DXH2Z8;
				ENABLE_PREVIEWS = YES;
				GENERATE_INFOPLIST_FILE = YES;
				INFOPLIST_FILE = MotorcycleTrackShare/Info.plist;
				INFOPLIST_KEY_NSLocationWhenInUseUsageDescription = "Used to record your ride route and speed";
				INFOPLIST_KEY_NSMotionUsageDescription = "Used to record lean angle and motion during rides";
				INFOPLIST_KEY_UIApplicationSceneManifest_Generation = YES;
				INFOPLIST_KEY_UIApplicationSupportsIndirectInputEvents = YES;
				INFOPLIST_KEY_UILaunchScreen_Generation = YES;
				INFOPLIST_KEY_UISupportedInterfaceOrientations_iPad = "UIInterfaceOrientationPortrait UIInterfaceOrientationPortraitUpsideDown UIInterfaceOrientationLandscapeLeft UIInterfaceOrientationLandscapeRight";
				INFOPLIST_KEY_UISupportedInterfaceOrientations_iPhone = "UIInterfaceOrientationPortrait UIInterfaceOrientationLandscapeLeft UIInterfaceOrientationLandscapeRight";
				LD_RUNPATH_SEARCH_PATHS = (
					"$(inherited)",
					"@executable_path/Frameworks",
				);
				MARKETING_VERSION = 1.0;
				PRODUCT_BUNDLE_IDENTIFIER = com.manangandhi.MotorcycleTrackShare;
				PRODUCT_NAME = "$(TARGET_NAME)";
				SWIFT_EMIT_LOC_STRINGS = YES;
				SWIFT_VERSION = 5.0;
				TARGETED_DEVICE_FAMILY = "1,2";
			};
			name = Release;
		};
		4F5009502F132AC1005C33B3 /* Debug */ = {
			isa = XCBuildConfiguration;
			buildSettings = {
				BUNDLE_LOADER = "$(TEST_HOST)";
				CODE_SIGN_STYLE = Automatic;
				CURRENT_PROJECT_VERSION = 1;
				DEVELOPMENT_TEAM = 3244DXH2Z8;
				GENERATE_INFOPLIST_FILE = YES;
				IPHONEOS_DEPLOYMENT_TARGET = 18.5;
				MARKETING_VERSION = 1.0;
				PRODUCT_BUNDLE_IDENTIFIER = com.manangandhi.MotorcycleTrackShareTests;
				PRODUCT_NAME = "$(TARGET_NAME)";
				SWIFT_EMIT_LOC_STRINGS = NO;
				SWIFT_VERSION = 5.0;
				TARGETED_DEVICE_FAMILY = "1,2";
				TEST_HOST = "$(BUILT_PRODUCTS_DIR)/MotorcycleTrackShare.app/$(BUNDLE_EXECUTABLE_FOLDER_PATH)/MotorcycleTrackShare";
			};
			name = Debug;
		};
		4F5009512F132AC1005C33B3 /* Release */ = {
			isa = XCBuildConfiguration;
			buildSettings = {
				BUNDLE_LOADER = "$(TEST_HOST)";
				CODE_SIGN_STYLE = Automatic;
				CURRENT_PROJECT_VERSION = 1;
				DEVELOPMENT_TEAM = 3244DXH2Z8;
				GENERATE_INFOPLIST_FILE = YES;
				IPHONEOS_DEPLOYMENT_TARGET = 18.5;
				MARKETING_VERSION = 1.0;
				PRODUCT_BUNDLE_IDENTIFIER = com.manangandhi.MotorcycleTrackShareTests;
				PRODUCT_NAME = "$(TARGET_NAME)";
				SWIFT_EMIT_LOC_STRINGS = NO;
				SWIFT_VERSION = 5.0;
				TARGETED_DEVICE_FAMILY = "1,2";
				TEST_HOST = "$(BUILT_PRODUCTS_DIR)/MotorcycleTrackShare.app/$(BUNDLE_EXECUTABLE_FOLDER_PATH)/MotorcycleTrackShare";
			};
			name = Release;
		};
		4F5009532F132AC1005C33B3 /* Debug */ = {
			isa = XCBuildConfiguration;
			buildSettings = {
				CODE_SIGN_STYLE = Automatic;
				CURRENT_PROJECT_VERSION = 1;
				DEVELOPMENT_TEAM = 3244DXH2Z8;
				GENERATE_INFOPLIST_FILE = YES;
				MARKETING_VERSION = 1.0;
				PRODUCT_BUNDLE_IDENTIFIER = com.manangandhi.MotorcycleTrackShareUITests;
				PRODUCT_NAME = "$(TARGET_NAME)";
				SWIFT_EMIT_LOC_STRINGS = NO;
				SWIFT_VERSION = 5.0;
				TARGETED_DEVICE_FAMILY = "1,2";
				TEST_TARGET_NAME = MotorcycleTrackShare;
			};
			name = Debug;
		};
		4F5009542F132AC1005C33B3 /* Release */ = {
			isa = XCBuildConfiguration;
			buildSettings = {
				CODE_SIGN_STYLE = Automatic;
				CURRENT_PROJECT_VERSION = 1;
				DEVELOPMENT_TEAM = 3244DXH2Z8;
				GENERATE_INFOPLIST_FILE = YES;
				MARKETING_VERSION = 1.0;
				PRODUCT_BUNDLE_IDENTIFIER = com.manangandhi.MotorcycleTrackShareUITests;
				PRODUCT_NAME = "$(TARGET_NAME)";
				SWIFT_EMIT_LOC_STRINGS = NO;
				SWIFT_VERSION = 5.0;
				TARGETED_DEVICE_FAMILY = "1,2";
				TEST_TARGET_NAME = MotorcycleTrackShare;
			};
			name = Release;
		};
/* End XCBuildConfiguration section */

/* Begin XCConfigurationList section */
		4F5009262F132ABF005C33B3 /* Build configuration list for PBXProject "MotorcycleTrackShare" */ = {
			isa = XCConfigurationList;
			buildConfigurations = (
				4F50094A2F132AC1005C33B3 /* Debug */,
				4F50094B2F132AC1005C33B3 /* Release */,
			);
			defaultConfigurationIsVisible = 0;
			defaultConfigurationName = Release;
		};
		4F50094C2F132AC1005C33B3 /* Build configuration list for PBXNativeTarget "MotorcycleTrackShare" */ = {
			isa = XCConfigurationList;
			buildConfigurations = (
				4F50094D2F132AC1005C33B3 /* Debug */,
				4F50094E2F132AC1005C33B3 /* Release */,
			);
			defaultConfigurationIsVisible = 0;
			defaultConfigurationName = Release;
		};
		4F50094F2F132AC1005C33B3 /* Build configuration list for PBXNativeTarget "MotorcycleTrackShareTests" */ = {
			isa = XCConfigurationList;
			buildConfigurations = (
				4F5009502F132AC1005C33B3 /* Debug */,
				4F5009512F132AC1005C33B3 /* Release */,
			);
			defaultConfigurationIsVisible = 0;
			defaultConfigurationName = Release;
		};
		4F5009522F132AC1005C33B3 /* Build configuration list for PBXNativeTarget "MotorcycleTrackShareUITests" */ = {
			isa = XCConfigurationList;
			buildConfigurations = (
				4F5009532F132AC1005C33B3 /* Debug */,
				4F5009542F132AC1005C33B3 /* Release */,
			);
			defaultConfigurationIsVisible = 0;
			defaultConfigurationName = Release;
		};
/* End XCConfigurationList section */

/* Begin XCRemoteSwiftPackageReference section */
		4FE936402FC57B320027978B /* XCRemoteSwiftPackageReference "supabase-swift" */ = {
			isa = XCRemoteSwiftPackageReference;
			repositoryURL = "https://github.com/supabase/supabase-swift";
			requirement = {
				kind = upToNextMajorVersion;
				minimumVersion = 2.5.1;
			};
		};
/* End XCRemoteSwiftPackageReference section */

/* Begin XCSwiftPackageProductDependency section */
		4FE936562FC586920027978B /* Supabase */ = {
			isa = XCSwiftPackageProductDependency;
			package = 4FE936402FC57B320027978B /* XCRemoteSwiftPackageReference "supabase-swift" */;
			productName = Supabase;
		};
/* End XCSwiftPackageProductDependency section */
	};
	rootObject = 4F5009232F132ABF005C33B3 /* Project object */;
}
